
Microsoft Visual Studio Solution File, Format Version 12.00
Project("{FAE04EC0-301F-11D3-BF4B-00C04F79EFBC}") = "AEAssist", "AEAssist\AEAssist.csproj", "{168A1805-3129-41C1-BD68-FE51D0CE5E00}"
EndProject
Global
	GlobalSection(SolutionConfigurationPlatforms) = preSolution
		Debug|Any CPU = Debug|Any CPU
		Release|Any CPU = Release|Any CPU
	EndGlobalSection
	GlobalSection(ProjectConfigurationPlatforms) = postSolution
		{168A1805-3129-41C1-BD68-FE51D0CE5E00}.Debug|Any CPU.ActiveCfg = Debug|Any CPU
		{168A1805-3129-41C1-BD68-FE51D0CE5E00}.Debug|Any CPU.Build.0 = Debug|Any CPU
		{168A1805-3129-41C1-BD68-FE51D0CE5E00}.Release|Any CPU.ActiveCfg = Release|Any CPU
		{168A1805-3129-41C1-BD68-FE51D0CE5E00}.Release|Any CPU.Build.0 = Release|Any CPU
	EndGlobalSection
EndGlobal
